version = 1
revision = 3
requires-python = ">=3.12"

[[package]]
name = "annotated-types"
version = "0.7.0"
source = { registry = "https://repository.lvm.de/nexus/repository/pypi-group/simple/" }
sdist = { url = "https://repository.lvm.de/nexus/repository/pypi-group/packages/annotated-types/0.7.0/annotated_types-0.7.0.tar.gz", hash = "sha256:aff07c09a53a08bc8cfccb9c85b05f1aa9a2a6f23728d790723543408344ce89" }
wheels = [
    { url = "https://repository.lvm.de/nexus/repository/pypi-group/packages/annotated-types/0.7.0/annotated_types-0.7.0-py3-none-any.whl", hash = "sha256:1f02e8b43a8fbbc3f3e0d4f0f4bfc8131bcb4eebe8849b8e5c773f3a1c582a53" },
]

[[package]]
name = "click"
version = "8.2.1"
source = { registry = "https://repository.lvm.de/nexus/repository/pypi-group/simple/" }
dependencies = [
    { name = "colorama", marker = "sys_platform == 'win32'" },
]
sdist = { url = "https://repository.lvm.de/nexus/repository/pypi-group/packages/click/8.2.1/click-8.2.1.tar.gz", hash = "sha256:27c491cc05d968d271d5a1db13e3b5a184636d9d930f148c50b038f0d0646202" }
wheels = [
    { url = "https://repository.lvm.de/nexus/repository/pypi-group/packages/click/8.2.1/click-8.2.1-py3-none-any.whl", hash = "sha256:61a3265b914e850b85317d0b3109c7f8cd35a670f963866005d6ef1d5175a12b" },
]

[[package]]
name = "colorama"
version = "0.4.6"
source = { registry = "https://repository.lvm.de/nexus/repository/pypi-group/simple/" }
sdist = { url = "https://repository.lvm.de/nexus/repository/pypi-group/packages/colorama/0.4.6/colorama-0.4.6.tar.gz", hash = "sha256:08695f5cb7ed6e0531a20572697297273c47b8cae5a63ffc6d6ed5c201be6e44" }
wheels = [
    { url = "https://repository.lvm.de/nexus/repository/pypi-group/packages/colorama/0.4.6/colorama-0.4.6-py2.py3-none-any.whl", hash = "sha256:4f1d9991f5acc0ca119f9d443620b77f9d6b33703e51011c16baf57afb285fc6" },
]

[[package]]
name = "copier"
version = "9.10.0"
source = { registry = "https://repository.lvm.de/nexus/repository/pypi-group/simple/" }
dependencies = [
    { name = "colorama" },
    { name = "dunamai" },
    { name = "funcy" },
    { name = "jinja2" },
    { name = "jinja2-ansible-filters" },
    { name = "packaging" },
    { name = "pathspec" },
    { name = "platformdirs" },
    { name = "plumbum" },
    { name = "pydantic" },
    { name = "pygments" },
    { name = "pyyaml" },
    { name = "questionary" },
]
sdist = { url = "https://repository.lvm.de/nexus/repository/pypi-group/packages/copier/9.10.0/copier-9.10.0.tar.gz", hash = "sha256:7ac1ff85995268b76e2d714cf988b1d75bd64717d86b6a665e43e7756f6540fc" }
wheels = [
    { url = "https://repository.lvm.de/nexus/repository/pypi-group/packages/copier/9.10.0/copier-9.10.0-py3-none-any.whl", hash = "sha256:dbefbe01795980bc6300afa63f7e0c4d44191c022d3b9cfd3ac63d9e61f9b390" },
]

[[package]]
name = "copier-ruff-pre-commit"
version = "0.11.0"
source = { editable = "." }
dependencies = [
    { name = "click" },
    { name = "copier" },
    { name = "pyyaml" },
    { name = "ruff" },
]

[package.metadata]
requires-dist = [
    { name = "click" },
    { name = "copier" },
    { name = "pyyaml" },
    { name = "ruff", specifier = "~=0.10.0" },
]

[[package]]
name = "dunamai"
version = "1.25.0"
source = { registry = "https://repository.lvm.de/nexus/repository/pypi-group/simple/" }
dependencies = [
    { name = "packaging" },
]
sdist = { url = "https://repository.lvm.de/nexus/repository/pypi-group/packages/dunamai/1.25.0/dunamai-1.25.0.tar.gz", hash = "sha256:a7f8360ea286d3dbaf0b6a1473f9253280ac93d619836ad4514facb70c0719d1" }
wheels = [
    { url = "https://repository.lvm.de/nexus/repository/pypi-group/packages/dunamai/1.25.0/dunamai-1.25.0-py3-none-any.whl", hash = "sha256:7f9dc687dd3256e613b6cc978d9daabfd2bb5deb8adc541fc135ee423ffa98ab" },
]

[[package]]
name = "funcy"
version = "2.0"
source = { registry = "https://repository.lvm.de/nexus/repository/pypi-group/simple/" }
sdist = { url = "https://repository.lvm.de/nexus/repository/pypi-group/packages/funcy/2.0/funcy-2.0.tar.gz", hash = "sha256:3963315d59d41c6f30c04bc910e10ab50a3ac4a225868bfa96feed133df075cb" }
wheels = [
    { url = "https://repository.lvm.de/nexus/repository/pypi-group/packages/funcy/2.0/funcy-2.0-py2.py3-none-any.whl", hash = "sha256:53df23c8bb1651b12f095df764bfb057935d49537a56de211b098f4c79614bb0" },
]

[[package]]
name = "jinja2"
version = "3.1.6"
source = { registry = "https://repository.lvm.de/nexus/repository/pypi-group/simple/" }
dependencies = [
    { name = "markupsafe" },
]
sdist = { url = "https://repository.lvm.de/nexus/repository/pypi-group/packages/jinja2/3.1.6/jinja2-3.1.6.tar.gz", hash = "sha256:0137fb05990d35f1275a587e9aee6d56da821fc83491a0fb838183be43f66d6d" }
wheels = [
    { url = "https://repository.lvm.de/nexus/repository/pypi-group/packages/jinja2/3.1.6/jinja2-3.1.6-py3-none-any.whl", hash = "sha256:85ece4451f492d0c13c5dd7c13a64681a86afae63a5f347908daf103ce6d2f67" },
]

[[package]]
name = "jinja2-ansible-filters"
version = "1.3.2"
source = { registry = "https://repository.lvm.de/nexus/repository/pypi-group/simple/" }
dependencies = [
    { name = "jinja2" },
    { name = "pyyaml" },
]
sdist = { url = "https://repository.lvm.de/nexus/repository/pypi-group/packages/jinja2-ansible-filters/1.3.2/jinja2-ansible-filters-1.3.2.tar.gz", hash = "sha256:07c10cf44d7073f4f01102ca12d9a2dc31b41d47e4c61ed92ef6a6d2669b356b" }
wheels = [
    { url = "https://repository.lvm.de/nexus/repository/pypi-group/packages/jinja2-ansible-filters/1.3.2/jinja2_ansible_filters-1.3.2-py3-none-any.whl", hash = "sha256:e1082f5564917649c76fed239117820610516ec10f87735d0338688800a55b34" },
]

[[package]]
name = "markupsafe"
version = "3.0.2"
source = { registry = "https://repository.lvm.de/nexus/repository/pypi-group/simple/" }
sdist = { url = "https://repository.lvm.de/nexus/repository/pypi-group/packages/markupsafe/3.0.2/markupsafe-3.0.2.tar.gz", hash = "sha256:ee55d3edf80167e48ea11a923c7386f4669df67d7994554387f84e7d8b0a2bf0" }
wheels = [
    { url = "https://repository.lvm.de/nexus/repository/pypi-group/packages/markupsafe/3.0.2/MarkupSafe-3.0.2-cp312-cp312-macosx_10_13_universal2.whl", hash = "sha256:9778bd8ab0a994ebf6f84c2b949e65736d5575320a17ae8984a77fab08db94cf" },
    { url = "https://repository.lvm.de/nexus/repository/pypi-group/packages/markupsafe/3.0.2/MarkupSafe-3.0.2-cp312-cp312-macosx_11_0_arm64.whl", hash = "sha256:846ade7b71e3536c4e56b386c2a47adf5741d2d8b94ec9dc3e92e5e1ee1e2225" },
    { url = "https://repository.lvm.de/nexus/repository/pypi-group/packages/markupsafe/3.0.2/MarkupSafe-3.0.2-cp312-cp312-manylinux_2_17_aarch64.manylinux2014_aarch64.whl", hash = "sha256:1c99d261bd2d5f6b59325c92c73df481e05e57f19837bdca8413b9eac4bd8028" },
    { url = "https://repository.lvm.de/nexus/repository/pypi-group/packages/markupsafe/3.0.2/MarkupSafe-3.0.2-cp312-cp312-manylinux_2_17_x86_64.manylinux2014_x86_64.whl", hash = "sha256:e17c96c14e19278594aa4841ec148115f9c7615a47382ecb6b82bd8fea3ab0c8" },
    { url = "https://repository.lvm.de/nexus/repository/pypi-group/packages/markupsafe/3.0.2/MarkupSafe-3.0.2-cp312-cp312-manylinux_2_5_i686.manylinux1_i686.manylinux_2_17_i686.manylinux2014_i686.whl", hash = "sha256:88416bd1e65dcea10bc7569faacb2c20ce071dd1f87539ca2ab364bf6231393c" },
    { url = "https://repository.lvm.de/nexus/repository/pypi-group/packages/markupsafe/3.0.2/MarkupSafe-3.0.2-cp312-cp312-musllinux_1_2_aarch64.whl", hash = "sha256:2181e67807fc2fa785d0592dc2d6206c019b9502410671cc905d132a92866557" },
    { url = "https://repository.lvm.de/nexus/repository/pypi-group/packages/markupsafe/3.0.2/MarkupSafe-3.0.2-cp312-cp312-musllinux_1_2_i686.whl", hash = "sha256:52305740fe773d09cffb16f8ed0427942901f00adedac82ec8b67752f58a1b22" },
    { url = "https://repository.lvm.de/nexus/repository/pypi-group/packages/markupsafe/3.0.2/MarkupSafe-3.0.2-cp312-cp312-musllinux_1_2_x86_64.whl", hash = "sha256:ad10d3ded218f1039f11a75f8091880239651b52e9bb592ca27de44eed242a48" },
    { url = "https://repository.lvm.de/nexus/repository/pypi-group/packages/markupsafe/3.0.2/MarkupSafe-3.0.2-cp312-cp312-win32.whl", hash = "sha256:0f4ca02bea9a23221c0182836703cbf8930c5e9454bacce27e767509fa286a30" },
    { url = "https://repository.lvm.de/nexus/repository/pypi-group/packages/markupsafe/3.0.2/MarkupSafe-3.0.2-cp312-cp312-win_amd64.whl", hash = "sha256:8e06879fc22a25ca47312fbe7c8264eb0b662f6db27cb2d3bbbc74b1df4b9b87" },
    { url = "https://repository.lvm.de/nexus/repository/pypi-group/packages/markupsafe/3.0.2/MarkupSafe-3.0.2-cp313-cp313-macosx_10_13_universal2.whl", hash = "sha256:ba9527cdd4c926ed0760bc301f6728ef34d841f405abf9d4f959c478421e4efd" },
    { url = "https://repository.lvm.de/nexus/repository/pypi-group/packages/markupsafe/3.0.2/MarkupSafe-3.0.2-cp313-cp313-macosx_11_0_arm64.whl", hash = "sha256:f8b3d067f2e40fe93e1ccdd6b2e1d16c43140e76f02fb1319a05cf2b79d99430" },
    { url = "https://repository.lvm.de/nexus/repository/pypi-group/packages/markupsafe/3.0.2/MarkupSafe-3.0.2-cp313-cp313-manylinux_2_17_aarch64.manylinux2014_aarch64.whl", hash = "sha256:569511d3b58c8791ab4c2e1285575265991e6d8f8700c7be0e88f86cb0672094" },
    { url = "https://repository.lvm.de/nexus/repository/pypi-group/packages/markupsafe/3.0.2/MarkupSafe-3.0.2-cp313-cp313-manylinux_2_17_x86_64.manylinux2014_x86_64.whl", hash = "sha256:15ab75ef81add55874e7ab7055e9c397312385bd9ced94920f2802310c930396" },
    { url = "https://repository.lvm.de/nexus/repository/pypi-group/packages/markupsafe/3.0.2/MarkupSafe-3.0.2-cp313-cp313-manylinux_2_5_i686.manylinux1_i686.manylinux_2_17_i686.manylinux2014_i686.whl", hash = "sha256:f3818cb119498c0678015754eba762e0d61e5b52d34c8b13d770f0719f7b1d79" },
    { url = "https://repository.lvm.de/nexus/repository/pypi-group/packages/markupsafe/3.0.2/MarkupSafe-3.0.2-cp313-cp313-musllinux_1_2_aarch64.whl", hash = "sha256:cdb82a876c47801bb54a690c5ae105a46b392ac6099881cdfb9f6e95e4014c6a" },
    { url = "https://repository.lvm.de/nexus/repository/pypi-group/packages/markupsafe/3.0.2/MarkupSafe-3.0.2-cp313-cp313-musllinux_1_2_i686.whl", hash = "sha256:cabc348d87e913db6ab4aa100f01b08f481097838bdddf7c7a84b7575b7309ca" },
    { url = "https://repository.lvm.de/nexus/repository/pypi-group/packages/markupsafe/3.0.2/MarkupSafe-3.0.2-cp313-cp313-musllinux_1_2_x86_64.whl", hash = "sha256:444dcda765c8a838eaae23112db52f1efaf750daddb2d9ca300bcae1039adc5c" },
    { url = "https://repository.lvm.de/nexus/repository/pypi-group/packages/markupsafe/3.0.2/MarkupSafe-3.0.2-cp313-cp313-win32.whl", hash = "sha256:bcf3e58998965654fdaff38e58584d8937aa3096ab5354d493c77d1fdd66d7a1" },
    { url = "https://repository.lvm.de/nexus/repository/pypi-group/packages/markupsafe/3.0.2/MarkupSafe-3.0.2-cp313-cp313-win_amd64.whl", hash = "sha256:e6a2a455bd412959b57a172ce6328d2dd1f01cb2135efda2e4576e8a23fa3b0f" },
    { url = "https://repository.lvm.de/nexus/repository/pypi-group/packages/markupsafe/3.0.2/MarkupSafe-3.0.2-cp313-cp313t-macosx_10_13_universal2.whl", hash = "sha256:b5a6b3ada725cea8a5e634536b1b01c30bcdcd7f9c6fff4151548d5bf6b3a36c" },
    { url = "https://repository.lvm.de/nexus/repository/pypi-group/packages/markupsafe/3.0.2/MarkupSafe-3.0.2-cp313-cp313t-macosx_11_0_arm64.whl", hash = "sha256:a904af0a6162c73e3edcb969eeeb53a63ceeb5d8cf642fade7d39e7963a22ddb" },
    { url = "https://repository.lvm.de/nexus/repository/pypi-group/packages/markupsafe/3.0.2/MarkupSafe-3.0.2-cp313-cp313t-manylinux_2_17_aarch64.manylinux2014_aarch64.whl", hash = "sha256:4aa4e5faecf353ed117801a068ebab7b7e09ffb6e1d5e412dc852e0da018126c" },
    { url = "https://repository.lvm.de/nexus/repository/pypi-group/packages/markupsafe/3.0.2/MarkupSafe-3.0.2-cp313-cp313t-manylinux_2_17_x86_64.manylinux2014_x86_64.whl", hash = "sha256:c0ef13eaeee5b615fb07c9a7dadb38eac06a0608b41570d8ade51c56539e509d" },
    { url = "https://repository.lvm.de/nexus/repository/pypi-group/packages/markupsafe/3.0.2/MarkupSafe-3.0.2-cp313-cp313t-manylinux_2_5_i686.manylinux1_i686.manylinux_2_17_i686.manylinux2014_i686.whl", hash = "sha256:d16a81a06776313e817c951135cf7340a3e91e8c1ff2fac444cfd75fffa04afe" },
    { url = "https://repository.lvm.de/nexus/repository/pypi-group/packages/markupsafe/3.0.2/MarkupSafe-3.0.2-cp313-cp313t-musllinux_1_2_aarch64.whl", hash = "sha256:6381026f158fdb7c72a168278597a5e3a5222e83ea18f543112b2662a9b699c5" },
    { url = "https://repository.lvm.de/nexus/repository/pypi-group/packages/markupsafe/3.0.2/MarkupSafe-3.0.2-cp313-cp313t-musllinux_1_2_i686.whl", hash = "sha256:3d79d162e7be8f996986c064d1c7c817f6df3a77fe3d6859f6f9e7be4b8c213a" },
    { url = "https://repository.lvm.de/nexus/repository/pypi-group/packages/markupsafe/3.0.2/MarkupSafe-3.0.2-cp313-cp313t-musllinux_1_2_x86_64.whl", hash = "sha256:131a3c7689c85f5ad20f9f6fb1b866f402c445b220c19fe4308c0b147ccd2ad9" },
    { url = "https://repository.lvm.de/nexus/repository/pypi-group/packages/markupsafe/3.0.2/MarkupSafe-3.0.2-cp313-cp313t-win32.whl", hash = "sha256:ba8062ed2cf21c07a9e295d5b8a2a5ce678b913b45fdf68c32d95d6c1291e0b6" },
    { url = "https://repository.lvm.de/nexus/repository/pypi-group/packages/markupsafe/3.0.2/MarkupSafe-3.0.2-cp313-cp313t-win_amd64.whl", hash = "sha256:e444a31f8db13eb18ada366ab3cf45fd4b31e4db1236a4448f68778c1d1a5a2f" },
]

[[package]]
name = "packaging"
version = "25.0"
source = { registry = "https://repository.lvm.de/nexus/repository/pypi-group/simple/" }
sdist = { url = "https://repository.lvm.de/nexus/repository/pypi-group/packages/packaging/25.0/packaging-25.0.tar.gz", hash = "sha256:d443872c98d677bf60f6a1f2f8c1cb748e8fe762d2bf9d3148b5599295b0fc4f" }
wheels = [
    { url = "https://repository.lvm.de/nexus/repository/pypi-group/packages/packaging/25.0/packaging-25.0-py3-none-any.whl", hash = "sha256:29572ef2b1f17581046b3a2227d5c611fb25ec70ca1ba8554b24b0e69331a484" },
]

[[package]]
name = "pathspec"
version = "0.12.1"
source = { registry = "https://repository.lvm.de/nexus/repository/pypi-group/simple/" }
sdist = { url = "https://repository.lvm.de/nexus/repository/pypi-group/packages/pathspec/0.12.1/pathspec-0.12.1.tar.gz", hash = "sha256:a482d51503a1ab33b1c67a6c3813a26953dbdc71c31dacaef9a838c4e29f5712" }
wheels = [
    { url = "https://repository.lvm.de/nexus/repository/pypi-group/packages/pathspec/0.12.1/pathspec-0.12.1-py3-none-any.whl", hash = "sha256:a0d503e138a4c123b27490a4f7beda6a01c6f288df0e4a8b79c7eb0dc7b4cc08" },
]

[[package]]
name = "platformdirs"
version = "4.4.0"
source = { registry = "https://repository.lvm.de/nexus/repository/pypi-group/simple/" }
sdist = { url = "https://repository.lvm.de/nexus/repository/pypi-group/packages/platformdirs/4.4.0/platformdirs-4.4.0.tar.gz", hash = "sha256:ca753cf4d81dc309bc67b0ea38fd15dc97bc30ce419a7f58d13eb3bf14c4febf" }
wheels = [
    { url = "https://repository.lvm.de/nexus/repository/pypi-group/packages/platformdirs/4.4.0/platformdirs-4.4.0-py3-none-any.whl", hash = "sha256:abd01743f24e5287cd7a5db3752faf1a2d65353f38ec26d98e25a6db65958c85" },
]

[[package]]
name = "plumbum"
version = "1.9.0"
source = { registry = "https://repository.lvm.de/nexus/repository/pypi-group/simple/" }
dependencies = [
    { name = "pywin32", marker = "platform_python_implementation != 'PyPy' and sys_platform == 'win32'" },
]
sdist = { url = "https://repository.lvm.de/nexus/repository/pypi-group/packages/plumbum/1.9.0/plumbum-1.9.0.tar.gz", hash = "sha256:e640062b72642c3873bd5bdc3effed75ba4d3c70ef6b6a7b907357a84d909219" }
wheels = [
    { url = "https://repository.lvm.de/nexus/repository/pypi-group/packages/plumbum/1.9.0/plumbum-1.9.0-py3-none-any.whl", hash = "sha256:9fd0d3b0e8d86e4b581af36edf3f3bbe9d1ae15b45b8caab28de1bcb27aaa7f5" },
]

[[package]]
name = "prompt-toolkit"
version = "3.0.51"
source = { registry = "https://repository.lvm.de/nexus/repository/pypi-group/simple/" }
dependencies = [
    { name = "wcwidth" },
]
sdist = { url = "https://repository.lvm.de/nexus/repository/pypi-group/packages/prompt-toolkit/3.0.51/prompt_toolkit-3.0.51.tar.gz", hash = "sha256:931a162e3b27fc90c86f1b48bb1fb2c528c2761475e57c9c06de13311c7b54ed" }
wheels = [
    { url = "https://repository.lvm.de/nexus/repository/pypi-group/packages/prompt-toolkit/3.0.51/prompt_toolkit-3.0.51-py3-none-any.whl", hash = "sha256:52742911fde84e2d423e2f9a4cf1de7d7ac4e51958f648d9540e0fb8db077b07" },
]

[[package]]
name = "pydantic"
version = "2.11.7"
source = { registry = "https://repository.lvm.de/nexus/repository/pypi-group/simple/" }
dependencies = [
    { name = "annotated-types" },
    { name = "pydantic-core" },
    { name = "typing-extensions" },
    { name = "typing-inspection" },
]
sdist = { url = "https://repository.lvm.de/nexus/repository/pypi-group/packages/pydantic/2.11.7/pydantic-2.11.7.tar.gz", hash = "sha256:d989c3c6cb79469287b1569f7447a17848c998458d49ebe294e975b9baf0f0db" }
wheels = [
    { url = "https://repository.lvm.de/nexus/repository/pypi-group/packages/pydantic/2.11.7/pydantic-2.11.7-py3-none-any.whl", hash = "sha256:dde5df002701f6de26248661f6835bbe296a47bf73990135c7d07ce741b9623b" },
]

[[package]]
name = "pydantic-core"
version = "2.33.2"
source = { registry = "https://repository.lvm.de/nexus/repository/pypi-group/simple/" }
dependencies = [
    { name = "typing-extensions" },
]
sdist = { url = "https://repository.lvm.de/nexus/repository/pypi-group/packages/pydantic-core/2.33.2/pydantic_core-2.33.2.tar.gz", hash = "sha256:7cb8bc3605c29176e1b105350d2e6474142d7c1bd1d9327c4a9bdb46bf827acc" }
wheels = [
    { url = "https://repository.lvm.de/nexus/repository/pypi-group/packages/pydantic-core/2.33.2/pydantic_core-2.33.2-cp312-cp312-macosx_10_12_x86_64.whl", hash = "sha256:a7ec89dc587667f22b6a0b6579c249fca9026ce7c333fc142ba42411fa243cdc" },
    { url = "https://repository.lvm.de/nexus/repository/pypi-group/packages/pydantic-core/2.33.2/pydantic_core-2.33.2-cp312-cp312-macosx_11_0_arm64.whl", hash = "sha256:3c6db6e52c6d70aa0d00d45cdb9b40f0433b96380071ea80b09277dba021ddf7" },
    { url = "https://repository.lvm.de/nexus/repository/pypi-group/packages/pydantic-core/2.33.2/pydantic_core-2.33.2-cp312-cp312-manylinux_2_17_aarch64.manylinux2014_aarch64.whl", hash = "sha256:4e61206137cbc65e6d5256e1166f88331d3b6238e082d9f74613b9b765fb9025" },
    { url = "https://repository.lvm.de/nexus/repository/pypi-group/packages/pydantic-core/2.33.2/pydantic_core-2.33.2-cp312-cp312-manylinux_2_17_armv7l.manylinux2014_armv7l.whl", hash = "sha256:eb8c529b2819c37140eb51b914153063d27ed88e3bdc31b71198a198e921e011" },
    { url = "https://repository.lvm.de/nexus/repository/pypi-group/packages/pydantic-core/2.33.2/pydantic_core-2.33.2-cp312-cp312-manylinux_2_17_ppc64le.manylinux2014_ppc64le.whl", hash = "sha256:c52b02ad8b4e2cf14ca7b3d918f3eb0ee91e63b3167c32591e57c4317e134f8f" },
    { url = "https://repository.lvm.de/nexus/repository/pypi-group/packages/pydantic-core/2.33.2/pydantic_core-2.33.2-cp312-cp312-manylinux_2_17_s390x.manylinux2014_s390x.whl", hash = "sha256:96081f1605125ba0855dfda83f6f3df5ec90c61195421ba72223de35ccfb2f88" },
    { url = "https://repository.lvm.de/nexus/repository/pypi-group/packages/pydantic-core/2.33.2/pydantic_core-2.33.2-cp312-cp312-manylinux_2_17_x86_64.manylinux2014_x86_64.whl", hash = "sha256:8f57a69461af2a5fa6e6bbd7a5f60d3b7e6cebb687f55106933188e79ad155c1" },
    { url = "https://repository.lvm.de/nexus/repository/pypi-group/packages/pydantic-core/2.33.2/pydantic_core-2.33.2-cp312-cp312-manylinux_2_5_i686.manylinux1_i686.whl", hash = "sha256:572c7e6c8bb4774d2ac88929e3d1f12bc45714ae5ee6d9a788a9fb35e60bb04b" },
    { url = "https://repository.lvm.de/nexus/repository/pypi-group/packages/pydantic-core/2.33.2/pydantic_core-2.33.2-cp312-cp312-musllinux_1_1_aarch64.whl", hash = "sha256:db4b41f9bd95fbe5acd76d89920336ba96f03e149097365afe1cb092fceb89a1" },
    { url = "https://repository.lvm.de/nexus/repository/pypi-group/packages/pydantic-core/2.33.2/pydantic_core-2.33.2-cp312-cp312-musllinux_1_1_armv7l.whl", hash = "sha256:fa854f5cf7e33842a892e5c73f45327760bc7bc516339fda888c75ae60edaeb6" },
    { url = "https://repository.lvm.de/nexus/repository/pypi-group/packages/pydantic-core/2.33.2/pydantic_core-2.33.2-cp312-cp312-musllinux_1_1_x86_64.whl", hash = "sha256:5f483cfb75ff703095c59e365360cb73e00185e01aaea067cd19acffd2ab20ea" },
    { url = "https://repository.lvm.de/nexus/repository/pypi-group/packages/pydantic-core/2.33.2/pydantic_core-2.33.2-cp312-cp312-win32.whl", hash = "sha256:9cb1da0f5a471435a7bc7e439b8a728e8b61e59784b2af70d7c169f8dd8ae290" },
    { url = "https://repository.lvm.de/nexus/repository/pypi-group/packages/pydantic-core/2.33.2/pydantic_core-2.33.2-cp312-cp312-win_amd64.whl", hash = "sha256:f941635f2a3d96b2973e867144fde513665c87f13fe0e193c158ac51bfaaa7b2" },
    { url = "https://repository.lvm.de/nexus/repository/pypi-group/packages/pydantic-core/2.33.2/pydantic_core-2.33.2-cp312-cp312-win_arm64.whl", hash = "sha256:cca3868ddfaccfbc4bfb1d608e2ccaaebe0ae628e1416aeb9c4d88c001bb45ab" },
    { url = "https://repository.lvm.de/nexus/repository/pypi-group/packages/pydantic-core/2.33.2/pydantic_core-2.33.2-cp313-cp313-macosx_10_12_x86_64.whl", hash = "sha256:1082dd3e2d7109ad8b7da48e1d4710c8d06c253cbc4a27c1cff4fbcaa97a9e3f" },
    { url = "https://repository.lvm.de/nexus/repository/pypi-group/packages/pydantic-core/2.33.2/pydantic_core-2.33.2-cp313-cp313-macosx_11_0_arm64.whl", hash = "sha256:f517ca031dfc037a9c07e748cefd8d96235088b83b4f4ba8939105d20fa1dcd6" },
    { url = "https://repository.lvm.de/nexus/repository/pypi-group/packages/pydantic-core/2.33.2/pydantic_core-2.33.2-cp313-cp313-manylinux_2_17_aarch64.manylinux2014_aarch64.whl", hash = "sha256:0a9f2c9dd19656823cb8250b0724ee9c60a82f3cdf68a080979d13092a3b0fef" },
    { url = "https://repository.lvm.de/nexus/repository/pypi-group/packages/pydantic-core/2.33.2/pydantic_core-2.33.2-cp313-cp313-manylinux_2_17_armv7l.manylinux2014_armv7l.whl", hash = "sha256:2b0a451c263b01acebe51895bfb0e1cc842a5c666efe06cdf13846c7418caa9a" },
    { url = "https://repository.lvm.de/nexus/repository/pypi-group/packages/pydantic-core/2.33.2/pydantic_core-2.33.2-cp313-cp313-manylinux_2_17_ppc64le.manylinux2014_ppc64le.whl", hash = "sha256:1ea40a64d23faa25e62a70ad163571c0b342b8bf66d5fa612ac0dec4f069d916" },
    { url = "https://repository.lvm.de/nexus/repository/pypi-group/packages/pydantic-core/2.33.2/pydantic_core-2.33.2-cp313-cp313-manylinux_2_17_s390x.manylinux2014_s390x.whl", hash = "sha256:0fb2d542b4d66f9470e8065c5469ec676978d625a8b7a363f07d9a501a9cb36a" },
    { url = "https://repository.lvm.de/nexus/repository/pypi-group/packages/pydantic-core/2.33.2/pydantic_core-2.33.2-cp313-cp313-manylinux_2_17_x86_64.manylinux2014_x86_64.whl", hash = "sha256:9fdac5d6ffa1b5a83bca06ffe7583f5576555e6c8b3a91fbd25ea7780f825f7d" },
    { url = "https://repository.lvm.de/nexus/repository/pypi-group/packages/pydantic-core/2.33.2/pydantic_core-2.33.2-cp313-cp313-manylinux_2_5_i686.manylinux1_i686.whl", hash = "sha256:04a1a413977ab517154eebb2d326da71638271477d6ad87a769102f7c2488c56" },
    { url = "https://repository.lvm.de/nexus/repository/pypi-group/packages/pydantic-core/2.33.2/pydantic_core-2.33.2-cp313-cp313-musllinux_1_1_aarch64.whl", hash = "sha256:c8e7af2f4e0194c22b5b37205bfb293d166a7344a5b0d0eaccebc376546d77d5" },
    { url = "https://repository.lvm.de/nexus/repository/pypi-group/packages/pydantic-core/2.33.2/pydantic_core-2.33.2-cp313-cp313-musllinux_1_1_armv7l.whl", hash = "sha256:5c92edd15cd58b3c2d34873597a1e20f13094f59cf88068adb18947df5455b4e" },
    { url = "https://repository.lvm.de/nexus/repository/pypi-group/packages/pydantic-core/2.33.2/pydantic_core-2.33.2-cp313-cp313-musllinux_1_1_x86_64.whl", hash = "sha256:65132b7b4a1c0beded5e057324b7e16e10910c106d43675d9bd87d4f38dde162" },
    { url = "https://repository.lvm.de/nexus/repository/pypi-group/packages/pydantic-core/2.33.2/pydantic_core-2.33.2-cp313-cp313-win32.whl", hash = "sha256:52fb90784e0a242bb96ec53f42196a17278855b0f31ac7c3cc6f5c1ec4811849" },
    { url = "https://repository.lvm.de/nexus/repository/pypi-group/packages/pydantic-core/2.33.2/pydantic_core-2.33.2-cp313-cp313-win_amd64.whl", hash = "sha256:c083a3bdd5a93dfe480f1125926afcdbf2917ae714bdb80b36d34318b2bec5d9" },
    { url = "https://repository.lvm.de/nexus/repository/pypi-group/packages/pydantic-core/2.33.2/pydantic_core-2.33.2-cp313-cp313-win_arm64.whl", hash = "sha256:e80b087132752f6b3d714f041ccf74403799d3b23a72722ea2e6ba2e892555b9" },
    { url = "https://repository.lvm.de/nexus/repository/pypi-group/packages/pydantic-core/2.33.2/pydantic_core-2.33.2-cp313-cp313t-macosx_11_0_arm64.whl", hash = "sha256:61c18fba8e5e9db3ab908620af374db0ac1baa69f0f32df4f61ae23f15e586ac" },
    { url = "https://repository.lvm.de/nexus/repository/pypi-group/packages/pydantic-core/2.33.2/pydantic_core-2.33.2-cp313-cp313t-manylinux_2_17_x86_64.manylinux2014_x86_64.whl", hash = "sha256:95237e53bb015f67b63c91af7518a62a8660376a6a0db19b89acc77a4d6199f5" },
    { url = "https://repository.lvm.de/nexus/repository/pypi-group/packages/pydantic-core/2.33.2/pydantic_core-2.33.2-cp313-cp313t-win_amd64.whl", hash = "sha256:c2fc0a768ef76c15ab9238afa6da7f69895bb5d1ee83aeea2e3509af4472d0b9" },
]

[[package]]
name = "pygments"
version = "2.19.2"
source = { registry = "https://repository.lvm.de/nexus/repository/pypi-group/simple/" }
sdist = { url = "https://repository.lvm.de/nexus/repository/pypi-group/packages/pygments/2.19.2/pygments-2.19.2.tar.gz", hash = "sha256:636cb2477cec7f8952536970bc533bc43743542f70392ae026374600add5b887" }
wheels = [
    { url = "https://repository.lvm.de/nexus/repository/pypi-group/packages/pygments/2.19.2/pygments-2.19.2-py3-none-any.whl", hash = "sha256:86540386c03d588bb81d44bc3928634ff26449851e99741617ecb9037ee5ec0b" },
]

[[package]]
name = "pywin32"
version = "311"
source = { registry = "https://repository.lvm.de/nexus/repository/pypi-group/simple/" }
wheels = [
    { url = "https://repository.lvm.de/nexus/repository/pypi-group/packages/pywin32/311/pywin32-311-cp312-cp312-win32.whl", hash = "sha256:750ec6e621af2b948540032557b10a2d43b0cee2ae9758c54154d711cc852d31" },
    { url = "https://repository.lvm.de/nexus/repository/pypi-group/packages/pywin32/311/pywin32-311-cp312-cp312-win_amd64.whl", hash = "sha256:b8c095edad5c211ff31c05223658e71bf7116daa0ecf3ad85f3201ea3190d067" },
    { url = "https://repository.lvm.de/nexus/repository/pypi-group/packages/pywin32/311/pywin32-311-cp312-cp312-win_arm64.whl", hash = "sha256:e286f46a9a39c4a18b319c28f59b61de793654af2f395c102b4f819e584b5852" },
    { url = "https://repository.lvm.de/nexus/repository/pypi-group/packages/pywin32/311/pywin32-311-cp313-cp313-win32.whl", hash = "sha256:f95ba5a847cba10dd8c4d8fefa9f2a6cf283b8b88ed6178fa8a6c1ab16054d0d" },
    { url = "https://repository.lvm.de/nexus/repository/pypi-group/packages/pywin32/311/pywin32-311-cp313-cp313-win_amd64.whl", hash = "sha256:718a38f7e5b058e76aee1c56ddd06908116d35147e133427e59a3983f703a20d" },
    { url = "https://repository.lvm.de/nexus/repository/pypi-group/packages/pywin32/311/pywin32-311-cp313-cp313-win_arm64.whl", hash = "sha256:7b4075d959648406202d92a2310cb990fea19b535c7f4a78d3f5e10b926eeb8a" },
    { url = "https://repository.lvm.de/nexus/repository/pypi-group/packages/pywin32/311/pywin32-311-cp314-cp314-win32.whl", hash = "sha256:b7a2c10b93f8986666d0c803ee19b5990885872a7de910fc460f9b0c2fbf92ee" },
    { url = "https://repository.lvm.de/nexus/repository/pypi-group/packages/pywin32/311/pywin32-311-cp314-cp314-win_amd64.whl", hash = "sha256:3aca44c046bd2ed8c90de9cb8427f581c479e594e99b5c0bb19b29c10fd6cb87" },
    { url = "https://repository.lvm.de/nexus/repository/pypi-group/packages/pywin32/311/pywin32-311-cp314-cp314-win_arm64.whl", hash = "sha256:a508e2d9025764a8270f93111a970e1d0fbfc33f4153b388bb649b7eec4f9b42" },
]

[[package]]
name = "pyyaml"
version = "6.0.2"
source = { registry = "https://repository.lvm.de/nexus/repository/pypi-group/simple/" }
sdist = { url = "https://repository.lvm.de/nexus/repository/pypi-group/packages/pyyaml/6.0.2/pyyaml-6.0.2.tar.gz", hash = "sha256:d584d9ec91ad65861cc08d42e834324ef890a082e591037abe114850ff7bbc3e" }
wheels = [
    { url = "https://repository.lvm.de/nexus/repository/pypi-group/packages/pyyaml/6.0.2/PyYAML-6.0.2-cp312-cp312-macosx_10_9_x86_64.whl", hash = "sha256:c70c95198c015b85feafc136515252a261a84561b7b1d51e3384e0655ddf25ab" },
    { url = "https://repository.lvm.de/nexus/repository/pypi-group/packages/pyyaml/6.0.2/PyYAML-6.0.2-cp312-cp312-macosx_11_0_arm64.whl", hash = "sha256:ce826d6ef20b1bc864f0a68340c8b3287705cae2f8b4b1d932177dcc76721725" },
    { url = "https://repository.lvm.de/nexus/repository/pypi-group/packages/pyyaml/6.0.2/PyYAML-6.0.2-cp312-cp312-manylinux_2_17_aarch64.manylinux2014_aarch64.whl", hash = "sha256:1f71ea527786de97d1a0cc0eacd1defc0985dcf6b3f17bb77dcfc8c34bec4dc5" },
    { url = "https://repository.lvm.de/nexus/repository/pypi-group/packages/pyyaml/6.0.2/PyYAML-6.0.2-cp312-cp312-manylinux_2_17_s390x.manylinux2014_s390x.whl", hash = "sha256:9b22676e8097e9e22e36d6b7bda33190d0d400f345f23d4065d48f4ca7ae0425" },
    { url = "https://repository.lvm.de/nexus/repository/pypi-group/packages/pyyaml/6.0.2/PyYAML-6.0.2-cp312-cp312-manylinux_2_17_x86_64.manylinux2014_x86_64.whl", hash = "sha256:80bab7bfc629882493af4aa31a4cfa43a4c57c83813253626916b8c7ada83476" },
    { url = "https://repository.lvm.de/nexus/repository/pypi-group/packages/pyyaml/6.0.2/PyYAML-6.0.2-cp312-cp312-musllinux_1_1_aarch64.whl", hash = "sha256:0833f8694549e586547b576dcfaba4a6b55b9e96098b36cdc7ebefe667dfed48" },
    { url = "https://repository.lvm.de/nexus/repository/pypi-group/packages/pyyaml/6.0.2/PyYAML-6.0.2-cp312-cp312-musllinux_1_1_x86_64.whl", hash = "sha256:8b9c7197f7cb2738065c481a0461e50ad02f18c78cd75775628afb4d7137fb3b" },
    { url = "https://repository.lvm.de/nexus/repository/pypi-group/packages/pyyaml/6.0.2/PyYAML-6.0.2-cp312-cp312-win32.whl", hash = "sha256:ef6107725bd54b262d6dedcc2af448a266975032bc85ef0172c5f059da6325b4" },
    { url = "https://repository.lvm.de/nexus/repository/pypi-group/packages/pyyaml/6.0.2/PyYAML-6.0.2-cp312-cp312-win_amd64.whl", hash = "sha256:7e7401d0de89a9a855c839bc697c079a4af81cf878373abd7dc625847d25cbd8" },
    { url = "https://repository.lvm.de/nexus/repository/pypi-group/packages/pyyaml/6.0.2/PyYAML-6.0.2-cp313-cp313-macosx_10_13_x86_64.whl", hash = "sha256:efdca5630322a10774e8e98e1af481aad470dd62c3170801852d752aa7a783ba" },
    { url = "https://repository.lvm.de/nexus/repository/pypi-group/packages/pyyaml/6.0.2/PyYAML-6.0.2-cp313-cp313-macosx_11_0_arm64.whl", hash = "sha256:50187695423ffe49e2deacb8cd10510bc361faac997de9efef88badc3bb9e2d1" },
    { url = "https://repository.lvm.de/nexus/repository/pypi-group/packages/pyyaml/6.0.2/PyYAML-6.0.2-cp313-cp313-manylinux_2_17_aarch64.manylinux2014_aarch64.whl", hash = "sha256:0ffe8360bab4910ef1b9e87fb812d8bc0a308b0d0eef8c8f44e0254ab3b07133" },
    { url = "https://repository.lvm.de/nexus/repository/pypi-group/packages/pyyaml/6.0.2/PyYAML-6.0.2-cp313-cp313-manylinux_2_17_s390x.manylinux2014_s390x.whl", hash = "sha256:17e311b6c678207928d649faa7cb0d7b4c26a0ba73d41e99c4fff6b6c3276484" },
    { url = "https://repository.lvm.de/nexus/repository/pypi-group/packages/pyyaml/6.0.2/PyYAML-6.0.2-cp313-cp313-manylinux_2_17_x86_64.manylinux2014_x86_64.whl", hash = "sha256:70b189594dbe54f75ab3a1acec5f1e3faa7e8cf2f1e08d9b561cb41b845f69d5" },
    { url = "https://repository.lvm.de/nexus/repository/pypi-group/packages/pyyaml/6.0.2/PyYAML-6.0.2-cp313-cp313-musllinux_1_1_aarch64.whl", hash = "sha256:41e4e3953a79407c794916fa277a82531dd93aad34e29c2a514c2c0c5fe971cc" },
    { url = "https://repository.lvm.de/nexus/repository/pypi-group/packages/pyyaml/6.0.2/PyYAML-6.0.2-cp313-cp313-musllinux_1_1_x86_64.whl", hash = "sha256:68ccc6023a3400877818152ad9a1033e3db8625d899c72eacb5a668902e4d652" },
    { url = "https://repository.lvm.de/nexus/repository/pypi-group/packages/pyyaml/6.0.2/PyYAML-6.0.2-cp313-cp313-win32.whl", hash = "sha256:bc2fa7c6b47d6bc618dd7fb02ef6fdedb1090ec036abab80d4681424b84c1183" },
    { url = "https://repository.lvm.de/nexus/repository/pypi-group/packages/pyyaml/6.0.2/PyYAML-6.0.2-cp313-cp313-win_amd64.whl", hash = "sha256:8388ee1976c416731879ac16da0aff3f63b286ffdd57cdeb95f3f2e085687563" },
]

[[package]]
name = "questionary"
version = "2.1.0"
source = { registry = "https://repository.lvm.de/nexus/repository/pypi-group/simple/" }
dependencies = [
    { name = "prompt-toolkit" },
]
sdist = { url = "https://repository.lvm.de/nexus/repository/pypi-group/packages/questionary/2.1.0/questionary-2.1.0.tar.gz", hash = "sha256:6302cdd645b19667d8f6e6634774e9538bfcd1aad9be287e743d96cacaf95587" }
wheels = [
    { url = "https://repository.lvm.de/nexus/repository/pypi-group/packages/questionary/2.1.0/questionary-2.1.0-py3-none-any.whl", hash = "sha256:44174d237b68bc828e4878c763a9ad6790ee61990e0ae72927694ead57bab8ec" },
]

[[package]]
name = "ruff"
version = "0.10.0"
source = { registry = "https://repository.lvm.de/nexus/repository/pypi-group/simple/" }
sdist = { url = "https://repository.lvm.de/nexus/repository/pypi-group/packages/ruff/0.10.0/ruff-0.10.0.tar.gz", hash = "sha256:fa1554e18deaf8aa097dbcfeafaf38b17a2a1e98fdc18f50e62e8a836abee392" }
wheels = [
    { url = "https://repository.lvm.de/nexus/repository/pypi-group/packages/ruff/0.10.0/ruff-0.10.0-py3-none-linux_armv6l.whl", hash = "sha256:46a2aa0eaae5048e5f804f0be9489d8a661633e23277b7293089e70d5c1a35c4" },
    { url = "https://repository.lvm.de/nexus/repository/pypi-group/packages/ruff/0.10.0/ruff-0.10.0-py3-none-macosx_10_12_x86_64.whl", hash = "sha256:775a6bc61af9dd0a2e1763406522a137e62aabb743d8b43ed95f019cdd1526c7" },
    { url = "https://repository.lvm.de/nexus/repository/pypi-group/packages/ruff/0.10.0/ruff-0.10.0-py3-none-macosx_11_0_arm64.whl", hash = "sha256:8b03e6fcd39d20f0004f9956f0ed5eadc404d3a299f9d9286323884e3b663730" },
    { url = "https://repository.lvm.de/nexus/repository/pypi-group/packages/ruff/0.10.0/ruff-0.10.0-py3-none-manylinux_2_17_aarch64.manylinux2014_aarch64.whl", hash = "sha256:621101d1af80248827f2409a78c8177c8319986a57b4663613b9c72f8617bfcd" },
    { url = "https://repository.lvm.de/nexus/repository/pypi-group/packages/ruff/0.10.0/ruff-0.10.0-py3-none-manylinux_2_17_armv7l.manylinux2014_armv7l.whl", hash = "sha256:e2dfe85cb6bfbd4259801e7d4982f2a72bdbd5749dc73a09d68a6dbf77f2209a" },
    { url = "https://repository.lvm.de/nexus/repository/pypi-group/packages/ruff/0.10.0/ruff-0.10.0-py3-none-manylinux_2_17_i686.manylinux2014_i686.whl", hash = "sha256:43ac3879a20c22fdc57e559f0bb27f0c71828656841d0b42d3505b1e5b3a83c8" },
    { url = "https://repository.lvm.de/nexus/repository/pypi-group/packages/ruff/0.10.0/ruff-0.10.0-py3-none-manylinux_2_17_ppc64.manylinux2014_ppc64.whl", hash = "sha256:ef5e3aac421bbc62f8a7aab21edd49a359ed42205f7a5091a74386bca1efa293" },
    { url = "https://repository.lvm.de/nexus/repository/pypi-group/packages/ruff/0.10.0/ruff-0.10.0-py3-none-manylinux_2_17_ppc64le.manylinux2014_ppc64le.whl", hash = "sha256:9f4f62d7fac8b748fce67ad308116b4d4cc1a9f964b4804fc5408fbd06e13ba9" },
    { url = "https://repository.lvm.de/nexus/repository/pypi-group/packages/ruff/0.10.0/ruff-0.10.0-py3-none-manylinux_2_17_s390x.manylinux2014_s390x.whl", hash = "sha256:02f9f6205c5b0d626f98da01a0e75b724a64c21c554bba24b12522c9e9ba6a04" },
    { url = "https://repository.lvm.de/nexus/repository/pypi-group/packages/ruff/0.10.0/ruff-0.10.0-py3-none-manylinux_2_17_x86_64.manylinux2014_x86_64.whl", hash = "sha256:46a97f3d55f68464c48d1e929a8582c7e5bb80ac73336bbc7b0da894d8e6cd9e" },
    { url = "https://repository.lvm.de/nexus/repository/pypi-group/packages/ruff/0.10.0/ruff-0.10.0-py3-none-musllinux_1_2_aarch64.whl", hash = "sha256:a0b811197d0dc96c13d610f8cfdc56030b405bcff5c2f10eab187b329da0ca4a" },
    { url = "https://repository.lvm.de/nexus/repository/pypi-group/packages/ruff/0.10.0/ruff-0.10.0-py3-none-musllinux_1_2_armv7l.whl", hash = "sha256:a13a3fda0870c1c964b47ff5d73805ae80d2a9de93ee2d185d453b8fddf85a84" },
    { url = "https://repository.lvm.de/nexus/repository/pypi-group/packages/ruff/0.10.0/ruff-0.10.0-py3-none-musllinux_1_2_i686.whl", hash = "sha256:6ceb8d9f062e90ddcbad929f6136edf764bbf6411420a07e8357602ea28cd99f" },
    { url = "https://repository.lvm.de/nexus/repository/pypi-group/packages/ruff/0.10.0/ruff-0.10.0-py3-none-musllinux_1_2_x86_64.whl", hash = "sha256:c41d07d573617ed2f287ea892af2446fd8a8d877481e8e1ba6928e020665d240" },
    { url = "https://repository.lvm.de/nexus/repository/pypi-group/packages/ruff/0.10.0/ruff-0.10.0-py3-none-win32.whl", hash = "sha256:76e2de0cbdd587e373cd3b4050d2c45babdd7014c1888a6f121c29525c748a15" },
    { url = "https://repository.lvm.de/nexus/repository/pypi-group/packages/ruff/0.10.0/ruff-0.10.0-py3-none-win_amd64.whl", hash = "sha256:f943acdecdcc6786a8d1dad455dd9f94e6d57ccc115be4993f9b52ef8316027a" },
    { url = "https://repository.lvm.de/nexus/repository/pypi-group/packages/ruff/0.10.0/ruff-0.10.0-py3-none-win_arm64.whl", hash = "sha256:935a943bdbd9ff0685acd80d484ea91088e27617537b5f7ef8907187d19d28d0" },
]

[[package]]
name = "typing-extensions"
version = "4.15.0"
source = { registry = "https://repository.lvm.de/nexus/repository/pypi-group/simple/" }
sdist = { url = "https://repository.lvm.de/nexus/repository/pypi-group/packages/typing-extensions/4.15.0/typing_extensions-4.15.0.tar.gz", hash = "sha256:0cea48d173cc12fa28ecabc3b837ea3cf6f38c6d1136f85cbaaf598984861466" }
wheels = [
    { url = "https://repository.lvm.de/nexus/repository/pypi-group/packages/typing-extensions/4.15.0/typing_extensions-4.15.0-py3-none-any.whl", hash = "sha256:f0fa19c6845758ab08074a0cfa8b7aecb71c999ca73d62883bc25cc018c4e548" },
]

[[package]]
name = "typing-inspection"
version = "0.4.1"
source = { registry = "https://repository.lvm.de/nexus/repository/pypi-group/simple/" }
dependencies = [
    { name = "typing-extensions" },
]
sdist = { url = "https://repository.lvm.de/nexus/repository/pypi-group/packages/typing-inspection/0.4.1/typing_inspection-0.4.1.tar.gz", hash = "sha256:6ae134cc0203c33377d43188d4064e9b357dba58cff3185f22924610e70a9d28" }
wheels = [
    { url = "https://repository.lvm.de/nexus/repository/pypi-group/packages/typing-inspection/0.4.1/typing_inspection-0.4.1-py3-none-any.whl", hash = "sha256:389055682238f53b04f7badcb49b989835495a96700ced5dab2d8feae4b26f51" },
]

[[package]]
name = "wcwidth"
version = "0.2.13"
source = { registry = "https://repository.lvm.de/nexus/repository/pypi-group/simple/" }
sdist = { url = "https://repository.lvm.de/nexus/repository/pypi-group/packages/wcwidth/0.2.13/wcwidth-0.2.13.tar.gz", hash = "sha256:72ea0c06399eb286d978fdedb6923a9eb47e1c486ce63e9b4e64fc18303972b5" }
wheels = [
    { url = "https://repository.lvm.de/nexus/repository/pypi-group/packages/wcwidth/0.2.13/wcwidth-0.2.13-py2.py3-none-any.whl", hash = "sha256:3da69048e4540d84af32131829ff948f1e022c1c6bdb8d6102117aac784f6859" },
]
